
Microsoft Visual Studio Solution File, Format Version 12.00
# Visual Studio Version 17
VisualStudioVersion = 17.13.35806.99 d17.13
MinimumVisualStudioVersion = 10.0.40219.1
Project("{FAE04EC0-301F-11D3-BF4B-00C04F79EFBC}") = "task-manager", "task-manager\task-manager.csproj", "{09070F8C-2A8B-4F25-A668-3B98C88FB29E}"
EndProject
Global
	GlobalSection(SolutionConfigurationPlatforms) = preSolution
		Debug|Any CPU = Debug|Any CPU
		Release|Any CPU = Release|Any CPU
	EndGlobalSection
	GlobalSection(ProjectConfigurationPlatforms) = postSolution
		{09070F8C-2A8B-4F25-A668-3B98C88FB29E}.Debug|Any CPU.ActiveCfg = Debug|Any CPU
		{09070F8C-2A8B-4F25-A668-3B98C88FB29E}.Debug|Any CPU.Build.0 = Debug|Any CPU
		{09070F8C-2A8B-4F25-A668-3B98C88FB29E}.Release|Any CPU.ActiveCfg = Release|Any CPU
		{09070F8C-2A8B-4F25-A668-3B98C88FB29E}.Release|Any CPU.Build.0 = Release|Any CPU
	EndGlobalSection
	GlobalSection(SolutionProperties) = preSolution
		HideSolutionNode = FALSE
	EndGlobalSection
	GlobalSection(ExtensibilityGlobals) = postSolution
		SolutionGuid = {C76FC508-8478-4618-807C-0300CB922C92}
	EndGlobalSection
EndGlobal
