
Microsoft Visual Studio Solution File, Format Version 12.00
# Visual Studio Version 17
VisualStudioVersion = 17.13.35806.99
MinimumVisualStudioVersion = 10.0.40219.1
Project("{FAE04EC0-301F-11D3-BF4B-00C04F79EFBC}") = "task-manager", "task-manager\task-manager.csproj", "{09070F8C-2A8B-4F25-A668-3B98C88FB29E}"
EndProject
Project("{FAE04EC0-301F-11D3-BF4B-00C04F79EFBC}") = "AssigneeTaskLibrary", "AssigneeTask\AssigneeTaskLibrary.csproj", "{AC18A611-3D94-49D9-90E2-16EED2C8326F}"
EndProject
Project("{FAE04EC0-301F-11D3-BF4B-00C04F79EFBC}") = "JsonChecksumSaver", "JsonChecksumSaver\JsonChecksumSaver.csproj", "{7A744796-FCD6-4E52-9E44-65A1793419C1}"
EndProject
Project("{FAE04EC0-301F-11D3-BF4B-00C04F79EFBC}") = "BinaryChecksumSaver", "BinaryChecksumSaver\BinaryChecksumSaver.csproj", "{240ADB88-7323-4267-BEB1-0DCCD80A58C7}"
EndProject
Global
	GlobalSection(SolutionConfigurationPlatforms) = preSolution
		Debug|Any CPU = Debug|Any CPU
		Release|Any CPU = Release|Any CPU
	EndGlobalSection
	GlobalSection(ProjectConfigurationPlatforms) = postSolution
		{09070F8C-2A8B-4F25-A668-3B98C88FB29E}.Debug|Any CPU.ActiveCfg = Debug|Any CPU
		{09070F8C-2A8B-4F25-A668-3B98C88FB29E}.Debug|Any CPU.Build.0 = Debug|Any CPU
		{09070F8C-2A8B-4F25-A668-3B98C88FB29E}.Release|Any CPU.ActiveCfg = Release|Any CPU
		{09070F8C-2A8B-4F25-A668-3B98C88FB29E}.Release|Any CPU.Build.0 = Release|Any CPU
		{AC18A611-3D94-49D9-90E2-16EED2C8326F}.Debug|Any CPU.ActiveCfg = Debug|Any CPU
		{AC18A611-3D94-49D9-90E2-16EED2C8326F}.Debug|Any CPU.Build.0 = Debug|Any CPU
		{AC18A611-3D94-49D9-90E2-16EED2C8326F}.Release|Any CPU.ActiveCfg = Release|Any CPU
		{AC18A611-3D94-49D9-90E2-16EED2C8326F}.Release|Any CPU.Build.0 = Release|Any CPU
		{7A744796-FCD6-4E52-9E44-65A1793419C1}.Debug|Any CPU.ActiveCfg = Debug|Any CPU
		{7A744796-FCD6-4E52-9E44-65A1793419C1}.Debug|Any CPU.Build.0 = Debug|Any CPU
		{7A744796-FCD6-4E52-9E44-65A1793419C1}.Release|Any CPU.ActiveCfg = Release|Any CPU
		{7A744796-FCD6-4E52-9E44-65A1793419C1}.Release|Any CPU.Build.0 = Release|Any CPU
		{240ADB88-7323-4267-BEB1-0DCCD80A58C7}.Debug|Any CPU.ActiveCfg = Debug|Any CPU
		{240ADB88-7323-4267-BEB1-0DCCD80A58C7}.Debug|Any CPU.Build.0 = Debug|Any CPU
		{240ADB88-7323-4267-BEB1-0DCCD80A58C7}.Release|Any CPU.ActiveCfg = Release|Any CPU
		{240ADB88-7323-4267-BEB1-0DCCD80A58C7}.Release|Any CPU.Build.0 = Release|Any CPU
	EndGlobalSection
	GlobalSection(SolutionProperties) = preSolution
		HideSolutionNode = FALSE
	EndGlobalSection
	GlobalSection(ExtensibilityGlobals) = postSolution
		SolutionGuid = {C76FC508-8478-4618-807C-0300CB922C92}
	EndGlobalSection
EndGlobal
